{
  "version": 4,
  "terraform_version": "1.12.5",
  "serial": 5,
  "lineage": "7afe5138-54ff-231b-5272-cba86cd8e09c",
  "outputs": {
    "application_ui_url": {
      "value": "http://34.28.13.197:4000",
      "type": "string"
    },
    "instance_public_ip": {
      "value": "34.28.13.197",
      "type": "string"
    },
    "prometheus_dashboard_url": {
      "value": "http://34.28.13.197:9092",
      "type": "string"
    }
  },
  "resources": [
    {
      "mode": "managed",
      "type": "google_compute_firewall",
      "name": "allow_ecom_traffic",
      "provider": "provider[\"registry.opentofu.org/hashicorp/google\"]",
      "instances": [
        {
          "schema_version": 1,
          "attributes": {
            "allow": [
              {
                "ports": [
                  "4000",
                  "9092",
                  "3001",
                  "3002",
                  "8080",
                  "8000",
                  "9090",
                  "4317",
                  "4318"
                ],
                "protocol": "tcp"
              }
            ],
            "creation_timestamp": "2026-08-07T01:18:31.680-07:00",
            "deletion_policy": "DELETE",
            "deny": [],
            "description": "",
            "destination_ranges": [],
            "direction": "INGRESS",
            "disabled": false,
            "enable_logging": null,
            "id": "projects/k8s-staging-252732/global/firewalls/allow-ecom-traffic",
            "log_config": [],
            "name": "allow-ecom-traffic",
            "network": "https://www.googleapis.com/compute/v1/projects/k8s-staging-252732/global/networks/default",
            "params": [],
            "priority": 1000,
            "project": "k8s-staging-252732",
            "self_link": "https://www.googleapis.com/compute/v1/projects/k8s-staging-252732/global/firewalls/allow-ecom-traffic",
            "source_ranges": [
              "0.0.0.0/0"
            ],
            "source_service_accounts": [],
            "source_tags": [],
            "target_service_accounts": [],
            "target_tags": [
              "ecom-server"
            ],
            "timeouts": null
          },
          "sensitive_attributes": [],
          "private": "eyJlMmJmYjczMC1lY2FhLTExZTYtOGY4OC0zNDM2M2JjN2M0YzAiOnsiY3JlYXRlIjoxMjAwMDAwMDAwMDAwLCJkZWxldGUiOjEyMDAwMDAwMDAwMDAsInVwZGF0ZSI6MTIwMDAwMDAwMDAwMH0sInNjaGVtYV92ZXJzaW9uIjoiMSJ9",
          "identity": {
            "name": "allow-ecom-traffic",
            "project": "k8s-staging-252732"
          },
          "identity_schema_version": 1
        }
      ]
    },
    {
      "mode": "managed",
      "type": "google_compute_instance",
      "name": "ecom_instance",
      "provider": "provider[\"registry.opentofu.org/hashicorp/google\"]",
      "instances": [
        {
          "schema_version": 6,
          "attributes": {
            "advanced_machine_features": [],
            "allow_stopping_for_update": null,
            "attached_disk": [],
            "boot_disk": [
              {
                "auto_delete": true,
                "device_name": "persistent-disk-0",
                "disk_encryption_key_raw": "",
                "disk_encryption_key_rsa": "",
                "disk_encryption_key_sha256": "",
                "disk_encryption_service_account": "",
                "force_attach": false,
                "guest_os_features": [
                  "VIRTIO_SCSI_MULTIQUEUE",
                  "SEV_CAPABLE",
                  "SEV_SNP_CAPABLE",
                  "SEV_LIVE_MIGRATABLE",
                  "SEV_LIVE_MIGRATABLE_V2",
                  "IDPF",
                  "TDX_CAPABLE",
                  "UEFI_COMPATIBLE",
                  "GVNIC"
                ],
                "initialize_params": [
                  {
                    "architecture": "X86_64",
                    "enable_confidential_compute": false,
                    "image": "https://www.googleapis.com/compute/v1/projects/ubuntu-os-cloud/global/images/ubuntu-2204-jammy-v20260731",
                    "labels": {},
                    "provisioned_iops": 0,
                    "provisioned_throughput": 0,
                    "replica_zones": [],
                    "resource_manager_tags": {},
                    "resource_policies": [],
                    "size": 30,
                    "snapshot": "",
                    "source_image_encryption_key": [],
                    "source_snapshot_encryption_key": [],
                    "storage_pool": "",
                    "type": "pd-standard"
                  }
                ],
                "interface": "",
                "kms_key_self_link": "",
                "mode": "READ_WRITE",
                "source": "https://www.googleapis.com/compute/v1/projects/k8s-staging-252732/zones/us-central1-a/disks/ecom-app-instance"
              }
            ],
            "can_ip_forward": false,
            "confidential_instance_config": [],
            "cpu_platform": "AMD Rome",
            "creation_timestamp": "2026-08-07T01:18:36.323-07:00",
            "current_status": "RUNNING",
            "deletion_policy": "DELETE",
            "deletion_protection": false,
            "description": "",
            "desired_status": null,
            "effective_labels": {
              "goog-terraform-provisioned": "true"
            },
            "enable_display": false,
            "guest_accelerator": [],
            "hostname": "",
            "id": "projects/k8s-staging-252732/zones/us-central1-a/instances/ecom-app-instance",
            "instance_encryption_key": [],
            "instance_id": "8911537537090595381",
            "key_revocation_action_type": "",
            "label_fingerprint": "vezUS-42LLM=",
            "labels": {},
            "machine_type": "e2-medium",
            "metadata": {
              "startup-script": "#!/usr/bin/env bash\nset -euo pipefail\n\n# 1. Update packages\napt-get update\napt-get install -y git curl gnupg lsb-release\n\n# 2. Install Docker \u0026 Docker Compose\nmkdir -p /etc/apt/keyrings\ncurl -fsSL https://download.docker.com/linux/ubuntu/gpg | gpg --yes --dearmor -o /etc/apt/keyrings/docker.gpg\necho \\\n  \"deb [arch=$(dpkg --print-architecture) signed-by=/etc/apt/keyrings/docker.gpg] https://download.docker.com/linux/ubuntu \\\n  $(lsb_release -cs) stable\" | tee /etc/apt/sources.list.d/docker.list \u003e /dev/null\napt-get update\napt-get install -y docker-ce docker-ce-cli containerd.io docker-compose-plugin\n\n# Ensure standard docker-compose command works\nln -sf /usr/libexec/docker/cli-plugins/docker-compose /usr/local/bin/docker-compose\n\n# Ensure docker group exists and user is added to it\ngroupadd -f docker\nid -u prakritidev881 \u0026\u003e/dev/null || useradd -m -s /bin/bash -u 1000 prakritidev881\nusermod -aG docker prakritidev881\n\n# 3. Install Salt-Call (Masterless Salt-Minion)\ncurl -fsSL https://packages.broadcom.com/artifactory/api/security/keypair/SaltProjectKey/public | gpg --yes --dearmor -o /etc/apt/keyrings/salt-archive-keyring.gpg\necho \"deb [signed-by=/etc/apt/keyrings/salt-archive-keyring.gpg arch=$(dpkg --print-architecture)] https://packages.broadcom.com/artifactory/saltproject-deb/ stable main\" | tee /etc/apt/sources.list.d/salt.list\napt-get update\napt-get install -y salt-minion\n\n# Disable default background minion service (masterless execution only)\nsystemctl stop salt-minion || true\nsystemctl disable salt-minion || true\n\n# 4. Clone and set up repository\nmkdir -p /home/prakritidev881\ngit clone https://github.com/prakrit55/ecommerce-apps.git /home/prakritidev881/ecommerce-apps\nchown -R 1000:1000 /home/prakritidev881/ecommerce-apps\n\n# 5. Apply SaltState\nsalt-call --local --file-root=/home/prakritidev881/ecommerce-apps/salt-stack/salt --pillar-root=/home/prakritidev881/ecommerce-apps/salt-stack/pillar state.apply\n"
            },
            "metadata_fingerprint": "PZbWrGZHMQ0=",
            "metadata_startup_script": null,
            "min_cpu_platform": "",
            "name": "ecom-app-instance",
            "network_interface": [
              {
                "access_config": [
                  {
                    "nat_ip": "34.28.13.197",
                    "network_tier": "PREMIUM",
                    "public_ptr_domain_name": ""
                  }
                ],
                "alias_ip_range": [],
                "igmp_query": "",
                "internal_ipv6_prefix_length": 0,
                "ipv6_access_config": [],
                "ipv6_access_type": "",
                "ipv6_address": "",
                "name": "nic0",
                "network": "https://www.googleapis.com/compute/v1/projects/k8s-staging-252732/global/networks/default",
                "network_attachment": "",
                "network_ip": "10.128.0.3",
                "nic_type": "",
                "parent_nic_name": "",
                "queue_count": 0,
                "stack_type": "IPV4_ONLY",
                "subnetwork": "https://www.googleapis.com/compute/v1/projects/k8s-staging-252732/regions/us-central1/subnetworks/default",
                "subnetwork_project": "k8s-staging-252732",
                "vlan": 0
              }
            ],
            "network_performance_config": [],
            "params": [],
            "project": "k8s-staging-252732",
            "reservation_affinity": [],
            "resource_policies": [],
            "scheduling": [
              {
                "automatic_restart": true,
                "availability_domain": 0,
                "instance_termination_action": "",
                "local_ssd_recovery_timeout": [],
                "max_run_duration": [],
                "min_node_cpus": 0,
                "node_affinities": [],
                "on_host_maintenance": "MIGRATE",
                "on_instance_stop_action": [],
                "preemptible": false,
                "provisioning_model": "STANDARD",
                "termination_time": ""
              }
            ],
            "scratch_disk": [],
            "self_link": "https://www.googleapis.com/compute/v1/projects/k8s-staging-252732/zones/us-central1-a/instances/ecom-app-instance",
            "service_account": [
              {
                "email": "898698082979-compute@developer.gserviceaccount.com",
                "scopes": [
                  "https://www.googleapis.com/auth/cloud-platform"
                ]
              }
            ],
            "shielded_instance_config": [
              {
                "enable_integrity_monitoring": true,
                "enable_secure_boot": false,
                "enable_vtpm": true
              }
            ],
            "tags": [
              "ecom-server",
              "http-server"
            ],
            "tags_fingerprint": "rVHyxKPf300=",
            "terraform_labels": {
              "goog-terraform-provisioned": "true"
            },
            "timeouts": null,
            "workload_identity_config": [],
            "zone": "us-central1-a"
          },
          "sensitive_attributes": [
            [
              {
                "type": "get_attr",
                "value": "boot_disk"
              },
              {
                "type": "index",
                "value": {
                  "value": 0,
                  "type": "number"
                }
              },
              {
                "type": "get_attr",
                "value": "disk_encryption_key_raw"
              }
            ],
            [
              {
                "type": "get_attr",
                "value": "boot_disk"
              },
              {
                "type": "index",
                "value": {
                  "value": 0,
                  "type": "number"
                }
              },
              {
                "type": "get_attr",
                "value": "disk_encryption_key_rsa"
              }
            ]
          ],
          "private": "eyJlMmJmYjczMC1lY2FhLTExZTYtOGY4OC0zNDM2M2JjN2M0YzAiOnsiY3JlYXRlIjoxMjAwMDAwMDAwMDAwLCJkZWxldGUiOjEyMDAwMDAwMDAwMDAsInVwZGF0ZSI6MTIwMDAwMDAwMDAwMH0sInNjaGVtYV92ZXJzaW9uIjoiNiJ9",
          "identity": {
            "name": "ecom-app-instance",
            "project": "k8s-staging-252732",
            "zone": "us-central1-a"
          },
          "identity_schema_version": 1
        }
      ]
    }
  ],
  "check_results": null
}

